
Microsoft Visual Studio Solution File, Format Version 12.00
# Visual Studio Version 16
VisualStudioVersion = 16.0.31624.102
MinimumVisualStudioVersion = 10.0.40219.1
Project("{9A19103F-16F7-4668-BE54-9A1E7A4F7556}") = "UI", "UI\UI.csproj", "{67315DE7-0DF1-4891-B896-F6B36E1AE41E}"
EndProject
Project("{FAE04EC0-301F-11D3-BF4B-00C04F79EFBC}") = "Entities", "Entities\Entities.csproj", "{0FDB318B-021B-4809-A522-4E827FEEE89C}"
EndProject
Global
	GlobalSection(SolutionConfigurationPlatforms) = preSolution
		Debug|Any CPU = Debug|Any CPU
		Release|Any CPU = Release|Any CPU
	EndGlobalSection
	GlobalSection(ProjectConfigurationPlatforms) = postSolution
		{67315DE7-0DF1-4891-B896-F6B36E1AE41E}.Debug|Any CPU.ActiveCfg = Debug|Any CPU
		{67315DE7-0DF1-4891-B896-F6B36E1AE41E}.Debug|Any CPU.Build.0 = Debug|Any CPU
		{67315DE7-0DF1-4891-B896-F6B36E1AE41E}.Release|Any CPU.ActiveCfg = Release|Any CPU
		{67315DE7-0DF1-4891-B896-F6B36E1AE41E}.Release|Any CPU.Build.0 = Release|Any CPU
		{0FDB318B-021B-4809-A522-4E827FEEE89C}.Debug|Any CPU.ActiveCfg = Debug|Any CPU
		{0FDB318B-021B-4809-A522-4E827FEEE89C}.Debug|Any CPU.Build.0 = Debug|Any CPU
		{0FDB318B-021B-4809-A522-4E827FEEE89C}.Release|Any CPU.ActiveCfg = Release|Any CPU
		{0FDB318B-021B-4809-A522-4E827FEEE89C}.Release|Any CPU.Build.0 = Release|Any CPU
	EndGlobalSection
	GlobalSection(SolutionProperties) = preSolution
		HideSolutionNode = FALSE
	EndGlobalSection
	GlobalSection(ExtensibilityGlobals) = postSolution
		SolutionGuid = {A79CB263-66B9-4593-A1A3-1E675ADE670D}
	EndGlobalSection
EndGlobal
